
Microsoft Visual Studio Solution File, Format Version 12.00
# Visual Studio Version 16
VisualStudioVersion = 16.0.29503.13
MinimumVisualStudioVersion = 10.0.40219.1
Project("{FAE04EC0-301F-11D3-BF4B-00C04F79EFBC}") = "Desafio07", "Desafio07\Desafio07.csproj", "{175CF89C-9500-45C6-9E52-CB386CD53CAA}"
EndProject
Global
	GlobalSection(SolutionConfigurationPlatforms) = preSolution
		Debug|Any CPU = Debug|Any CPU
		Release|Any CPU = Release|Any CPU
	EndGlobalSection
	GlobalSection(ProjectConfigurationPlatforms) = postSolution
		{175CF89C-9500-45C6-9E52-CB386CD53CAA}.Debug|Any CPU.ActiveCfg = Debug|Any CPU
		{175CF89C-9500-45C6-9E52-CB386CD53CAA}.Debug|Any CPU.Build.0 = Debug|Any CPU
		{175CF89C-9500-45C6-9E52-CB386CD53CAA}.Release|Any CPU.ActiveCfg = Release|Any CPU
		{175CF89C-9500-45C6-9E52-CB386CD53CAA}.Release|Any CPU.Build.0 = Release|Any CPU
	EndGlobalSection
	GlobalSection(SolutionProperties) = preSolution
		HideSolutionNode = FALSE
	EndGlobalSection
	GlobalSection(ExtensibilityGlobals) = postSolution
		SolutionGuid = {4EE2E5D7-2381-4B91-BB64-0B2E736B066A}
	EndGlobalSection
EndGlobal
