
Microsoft Visual Studio Solution File, Format Version 12.00
# Visual Studio Version 16
VisualStudioVersion = 16.0.29503.13
MinimumVisualStudioVersion = 10.0.40219.1
Project("{FAE04EC0-301F-11D3-BF4B-00C04F79EFBC}") = "Desafio04", "Desafio04\Desafio04.csproj", "{1A3AFF8E-B496-4A3C-9E23-057E214FE35F}"
EndProject
Global
	GlobalSection(SolutionConfigurationPlatforms) = preSolution
		Debug|Any CPU = Debug|Any CPU
		Release|Any CPU = Release|Any CPU
	EndGlobalSection
	GlobalSection(ProjectConfigurationPlatforms) = postSolution
		{1A3AFF8E-B496-4A3C-9E23-057E214FE35F}.Debug|Any CPU.ActiveCfg = Debug|Any CPU
		{1A3AFF8E-B496-4A3C-9E23-057E214FE35F}.Debug|Any CPU.Build.0 = Debug|Any CPU
		{1A3AFF8E-B496-4A3C-9E23-057E214FE35F}.Release|Any CPU.ActiveCfg = Release|Any CPU
		{1A3AFF8E-B496-4A3C-9E23-057E214FE35F}.Release|Any CPU.Build.0 = Release|Any CPU
	EndGlobalSection
	GlobalSection(SolutionProperties) = preSolution
		HideSolutionNode = FALSE
	EndGlobalSection
	GlobalSection(ExtensibilityGlobals) = postSolution
		SolutionGuid = {E9092425-4951-4170-81F7-9283B3BA38CD}
	EndGlobalSection
EndGlobal
